// !$*UTF8*$!
{
	archiveVersion = 1;
	classes = {
	};
	objectVersion = 46;
	objects = {

/* Begin PBXBuildFile section */
		830BE180182360C800EDDF88 /* Foundation.framework in Frameworks */ = {isa = PBXBuildFile; fileRef = 830BE17F182360C800EDDF88 /* Foundation.framework */; };
		830BE185182360C800EDDF88 /* StoryboardPortal.h in CopyFiles */ = {isa = PBXBuildFile; fileRef = 830BE184182360C800EDDF88 /* StoryboardPortal.h */; };
		830BE187182360C800EDDF88 /* StoryboardPortal.m in Sources */ = {isa = PBXBuildFile; fileRef = 830BE186182360C800EDDF88 /* StoryboardPortal.m */; };
		830BE18F182360C800EDDF88 /* SenTestingKit.framework in Frameworks */ = {isa = PBXBuildFile; fileRef = 830BE18E182360C800EDDF88 /* SenTestingKit.framework */; };
		830BE191182360C800EDDF88 /* UIKit.framework in Frameworks */ = {isa = PBXBuildFile; fileRef = 830BE190182360C800EDDF88 /* UIKit.framework */; };
		830BE192182360C800EDDF88 /* Foundation.framework in Frameworks */ = {isa = PBXBuildFile; fileRef = 830BE17F182360C800EDDF88 /* Foundation.framework */; };
		830BE195182360C800EDDF88 /* libStoryboardPortal.a in Frameworks */ = {isa = PBXBuildFile; fileRef = 830BE17C182360C800EDDF88 /* libStoryboardPortal.a */; };
		830BE19B182360C800EDDF88 /* InfoPlist.strings in Resources */ = {isa = PBXBuildFile; fileRef = 830BE199182360C800EDDF88 /* InfoPlist.strings */; };
		830BE19E182360C800EDDF88 /* StoryboardPortalTests.m in Sources */ = {isa = PBXBuildFile; fileRef = 830BE19D182360C800EDDF88 /* StoryboardPortalTests.m */; };
		830BE1AF1823610B00EDDF88 /* ASNavigationPortalController.m in Sources */ = {isa = PBXBuildFile; fileRef = 830BE1AA1823610B00EDDF88 /* ASNavigationPortalController.m */; };
		830BE1B01823610B00EDDF88 /* ASNavigationPortalController.m in Sources */ = {isa = PBXBuildFile; fileRef = 830BE1AA1823610B00EDDF88 /* ASNavigationPortalController.m */; };
		830BE1B11823610B00EDDF88 /* ASPortalController.m in Sources */ = {isa = PBXBuildFile; fileRef = 830BE1AC1823610B00EDDF88 /* ASPortalController.m */; };
		830BE1B21823610B00EDDF88 /* ASPortalController.m in Sources */ = {isa = PBXBuildFile; fileRef = 830BE1AC1823610B00EDDF88 /* ASPortalController.m */; };
		830BE1B31823610B00EDDF88 /* ASTabBarPortalController.m in Sources */ = {isa = PBXBuildFile; fileRef = 830BE1AE1823610B00EDDF88 /* ASTabBarPortalController.m */; };
		830BE1B41823610B00EDDF88 /* ASTabBarPortalController.m in Sources */ = {isa = PBXBuildFile; fileRef = 830BE1AE1823610B00EDDF88 /* ASTabBarPortalController.m */; };
/* End PBXBuildFile section */

/* Begin PBXContainerItemProxy section */
		830BE193182360C800EDDF88 /* PBXContainerItemProxy */ = {
			isa = PBXContainerItemProxy;
			containerPortal = 830BE174182360C800EDDF88 /* Project object */;
			proxyType = 1;
			remoteGlobalIDString = 830BE17B182360C800EDDF88;
			remoteInfo = StoryboardPortal;
		};
/* End PBXContainerItemProxy section */

/* Begin PBXCopyFilesBuildPhase section */
		830BE17A182360C800EDDF88 /* CopyFiles */ = {
			isa = PBXCopyFilesBuildPhase;
			buildActionMask = 2147483647;
			dstPath = "include/${PRODUCT_NAME}";
			dstSubfolderSpec = 16;
			files = (
				830BE185182360C800EDDF88 /* StoryboardPortal.h in CopyFiles */,
			);
			runOnlyForDeploymentPostprocessing = 0;
		};
/* End PBXCopyFilesBuildPhase section */

/* Begin PBXFileReference section */
		830BE17C182360C800EDDF88 /* libStoryboardPortal.a */ = {isa = PBXFileReference; explicitFileType = archive.ar; includeInIndex = 0; path = libStoryboardPortal.a; sourceTree = BUILT_PRODUCTS_DIR; };
		830BE17F182360C800EDDF88 /* Foundation.framework */ = {isa = PBXFileReference; lastKnownFileType = wrapper.framework; name = Foundation.framework; path = System/Library/Frameworks/Foundation.framework; sourceTree = SDKROOT; };
		830BE183182360C800EDDF88 /* StoryboardPortal-Prefix.pch */ = {isa = PBXFileReference; lastKnownFileType = sourcecode.c.h; path = "StoryboardPortal-Prefix.pch"; sourceTree = "<group>"; };
		830BE184182360C800EDDF88 /* StoryboardPortal.h */ = {isa = PBXFileReference; lastKnownFileType = sourcecode.c.h; path = StoryboardPortal.h; sourceTree = "<group>"; };
		830BE186182360C800EDDF88 /* StoryboardPortal.m */ = {isa = PBXFileReference; lastKnownFileType = sourcecode.c.objc; path = StoryboardPortal.m; sourceTree = "<group>"; };
		830BE18D182360C800EDDF88 /* StoryboardPortalTests.octest */ = {isa = PBXFileReference; explicitFileType = wrapper.cfbundle; includeInIndex = 0; path = StoryboardPortalTests.octest; sourceTree = BUILT_PRODUCTS_DIR; };
		830BE18E182360C800EDDF88 /* SenTestingKit.framework */ = {isa = PBXFileReference; lastKnownFileType = wrapper.framework; name = SenTestingKit.framework; path = Library/Frameworks/SenTestingKit.framework; sourceTree = DEVELOPER_DIR; };
		830BE190182360C800EDDF88 /* UIKit.framework */ = {isa = PBXFileReference; lastKnownFileType = wrapper.framework; name = UIKit.framework; path = Library/Frameworks/UIKit.framework; sourceTree = DEVELOPER_DIR; };
		830BE198182360C800EDDF88 /* StoryboardPortalTests-Info.plist */ = {isa = PBXFileReference; lastKnownFileType = text.plist.xml; path = "StoryboardPortalTests-Info.plist"; sourceTree = "<group>"; };
		830BE19A182360C800EDDF88 /* en */ = {isa = PBXFileReference; lastKnownFileType = text.plist.strings; name = en; path = en.lproj/InfoPlist.strings; sourceTree = "<group>"; };
		830BE19C182360C800EDDF88 /* StoryboardPortalTests.h */ = {isa = PBXFileReference; lastKnownFileType = sourcecode.c.h; path = StoryboardPortalTests.h; sourceTree = "<group>"; };
		830BE19D182360C800EDDF88 /* StoryboardPortalTests.m */ = {isa = PBXFileReference; lastKnownFileType = sourcecode.c.objc; path = StoryboardPortalTests.m; sourceTree = "<group>"; };
		830BE1A91823610B00EDDF88 /* ASNavigationPortalController.h */ = {isa = PBXFileReference; fileEncoding = 4; lastKnownFileType = sourcecode.c.h; path = ASNavigationPortalController.h; sourceTree = "<group>"; };
		830BE1AA1823610B00EDDF88 /* ASNavigationPortalController.m */ = {isa = PBXFileReference; fileEncoding = 4; lastKnownFileType = sourcecode.c.objc; path = ASNavigationPortalController.m; sourceTree = "<group>"; };
		830BE1AB1823610B00EDDF88 /* ASPortalController.h */ = {isa = PBXFileReference; fileEncoding = 4; lastKnownFileType = sourcecode.c.h; path = ASPortalController.h; sourceTree = "<group>"; };
		830BE1AC1823610B00EDDF88 /* ASPortalController.m */ = {isa = PBXFileReference; fileEncoding = 4; lastKnownFileType = sourcecode.c.objc; path = ASPortalController.m; sourceTree = "<group>"; };
		830BE1AD1823610B00EDDF88 /* ASTabBarPortalController.h */ = {isa = PBXFileReference; fileEncoding = 4; lastKnownFileType = sourcecode.c.h; path = ASTabBarPortalController.h; sourceTree = "<group>"; };
		830BE1AE1823610B00EDDF88 /* ASTabBarPortalController.m */ = {isa = PBXFileReference; fileEncoding = 4; lastKnownFileType = sourcecode.c.objc; path = ASTabBarPortalController.m; sourceTree = "<group>"; };
/* End PBXFileReference section */

/* Begin PBXFrameworksBuildPhase section */
		830BE179182360C800EDDF88 /* Frameworks */ = {
			isa = PBXFrameworksBuildPhase;
			buildActionMask = 2147483647;
			files = (
				830BE180182360C800EDDF88 /* Foundation.framework in Frameworks */,
			);
			runOnlyForDeploymentPostprocessing = 0;
		};
		830BE189182360C800EDDF88 /* Frameworks */ = {
			isa = PBXFrameworksBuildPhase;
			buildActionMask = 2147483647;
			files = (
				830BE18F182360C800EDDF88 /* SenTestingKit.framework in Frameworks */,
				830BE191182360C800EDDF88 /* UIKit.framework in Frameworks */,
				830BE192182360C800EDDF88 /* Foundation.framework in Frameworks */,
				830BE195182360C800EDDF88 /* libStoryboardPortal.a in Frameworks */,
			);
			runOnlyForDeploymentPostprocessing = 0;
		};
/* End PBXFrameworksBuildPhase section */

/* Begin PBXGroup section */
		830BE173182360C800EDDF88 = {
			isa = PBXGroup;
			children = (
				830BE181182360C800EDDF88 /* StoryboardPortal */,
				830BE196182360C800EDDF88 /* StoryboardPortalTests */,
				830BE17E182360C800EDDF88 /* Frameworks */,
				830BE17D182360C800EDDF88 /* Products */,
			);
			sourceTree = "<group>";
		};
		830BE17D182360C800EDDF88 /* Products */ = {
			isa = PBXGroup;
			children = (
				830BE17C182360C800EDDF88 /* libStoryboardPortal.a */,
				830BE18D182360C800EDDF88 /* StoryboardPortalTests.octest */,
			);
			name = Products;
			sourceTree = "<group>";
		};
		830BE17E182360C800EDDF88 /* Frameworks */ = {
			isa = PBXGroup;
			children = (
				830BE17F182360C800EDDF88 /* Foundation.framework */,
				830BE18E182360C800EDDF88 /* SenTestingKit.framework */,
				830BE190182360C800EDDF88 /* UIKit.framework */,
			);
			name = Frameworks;
			sourceTree = "<group>";
		};
		830BE181182360C800EDDF88 /* StoryboardPortal */ = {
			isa = PBXGroup;
			children = (
				830BE1A7182360D000EDDF88 /* Classes */,
				830BE184182360C800EDDF88 /* StoryboardPortal.h */,
				830BE186182360C800EDDF88 /* StoryboardPortal.m */,
				830BE182182360C800EDDF88 /* Supporting Files */,
			);
			path = StoryboardPortal;
			sourceTree = "<group>";
		};
		830BE182182360C800EDDF88 /* Supporting Files */ = {
			isa = PBXGroup;
			children = (
				830BE183182360C800EDDF88 /* StoryboardPortal-Prefix.pch */,
			);
			name = "Supporting Files";
			sourceTree = "<group>";
		};
		830BE196182360C800EDDF88 /* StoryboardPortalTests */ = {
			isa = PBXGroup;
			children = (
				830BE19C182360C800EDDF88 /* StoryboardPortalTests.h */,
				830BE19D182360C800EDDF88 /* StoryboardPortalTests.m */,
				830BE197182360C800EDDF88 /* Supporting Files */,
			);
			path = StoryboardPortalTests;
			sourceTree = "<group>";
		};
		830BE197182360C800EDDF88 /* Supporting Files */ = {
			isa = PBXGroup;
			children = (
				830BE198182360C800EDDF88 /* StoryboardPortalTests-Info.plist */,
				830BE199182360C800EDDF88 /* InfoPlist.strings */,
			);
			name = "Supporting Files";
			sourceTree = "<group>";
		};
		830BE1A7182360D000EDDF88 /* Classes */ = {
			isa = PBXGroup;
			children = (
				830BE1A8182360E700EDDF88 /* PortalControllers */,
			);
			name = Classes;
			sourceTree = "<group>";
		};
		830BE1A8182360E700EDDF88 /* PortalControllers */ = {
			isa = PBXGroup;
			children = (
				830BE1A91823610B00EDDF88 /* ASNavigationPortalController.h */,
				830BE1AA1823610B00EDDF88 /* ASNavigationPortalController.m */,
				830BE1AB1823610B00EDDF88 /* ASPortalController.h */,
				830BE1AC1823610B00EDDF88 /* ASPortalController.m */,
				830BE1AD1823610B00EDDF88 /* ASTabBarPortalController.h */,
				830BE1AE1823610B00EDDF88 /* ASTabBarPortalController.m */,
			);
			name = PortalControllers;
			sourceTree = "<group>";
		};
/* End PBXGroup section */

/* Begin PBXNativeTarget section */
		830BE17B182360C800EDDF88 /* StoryboardPortal */ = {
			isa = PBXNativeTarget;
			buildConfigurationList = 830BE1A1182360C800EDDF88 /* Build configuration list for PBXNativeTarget "StoryboardPortal" */;
			buildPhases = (
				830BE178182360C800EDDF88 /* Sources */,
				830BE179182360C800EDDF88 /* Frameworks */,
				830BE17A182360C800EDDF88 /* CopyFiles */,
			);
			buildRules = (
			);
			dependencies = (
			);
			name = StoryboardPortal;
			productName = StoryboardPortal;
			productReference = 830BE17C182360C800EDDF88 /* libStoryboardPortal.a */;
			productType = "com.apple.product-type.library.static";
		};
		830BE18C182360C800EDDF88 /* StoryboardPortalTests */ = {
			isa = PBXNativeTarget;
			buildConfigurationList = 830BE1A4182360C800EDDF88 /* Build configuration list for PBXNativeTarget "StoryboardPortalTests" */;
			buildPhases = (
				830BE188182360C800EDDF88 /* Sources */,
				830BE189182360C800EDDF88 /* Frameworks */,
				830BE18A182360C800EDDF88 /* Resources */,
				830BE18B182360C800EDDF88 /* ShellScript */,
			);
			buildRules = (
			);
			dependencies = (
				830BE194182360C800EDDF88 /* PBXTargetDependency */,
			);
			name = StoryboardPortalTests;
			productName = StoryboardPortalTests;
			productReference = 830BE18D182360C800EDDF88 /* StoryboardPortalTests.octest */;
			productType = "com.apple.product-type.bundle";
		};
/* End PBXNativeTarget section */

/* Begin PBXProject section */
		830BE174182360C800EDDF88 /* Project object */ = {
			isa = PBXProject;
			attributes = {
				LastUpgradeCheck = 0460;
				ORGANIZATIONNAME = ApertureScience;
			};
			buildConfigurationList = 830BE177182360C800EDDF88 /* Build configuration list for PBXProject "StoryboardPortal" */;
			compatibilityVersion = "Xcode 3.2";
			developmentRegion = English;
			hasScannedForEncodings = 0;
			knownRegions = (
				en,
			);
			mainGroup = 830BE173182360C800EDDF88;
			productRefGroup = 830BE17D182360C800EDDF88 /* Products */;
			projectDirPath = "";
			projectRoot = "";
			targets = (
				830BE17B182360C800EDDF88 /* StoryboardPortal */,
				830BE18C182360C800EDDF88 /* StoryboardPortalTests */,
			);
		};
/* End PBXProject section */

/* Begin PBXResourcesBuildPhase section */
		830BE18A182360C800EDDF88 /* Resources */ = {
			isa = PBXResourcesBuildPhase;
			buildActionMask = 2147483647;
			files = (
				830BE19B182360C800EDDF88 /* InfoPlist.strings in Resources */,
			);
			runOnlyForDeploymentPostprocessing = 0;
		};
/* End PBXResourcesBuildPhase section */

/* Begin PBXShellScriptBuildPhase section */
		830BE18B182360C800EDDF88 /* ShellScript */ = {
			isa = PBXShellScriptBuildPhase;
			buildActionMask = 2147483647;
			files = (
			);
			inputPaths = (
			);
			outputPaths = (
			);
			runOnlyForDeploymentPostprocessing = 0;
			shellPath = /bin/sh;
			shellScript = "# Run the unit tests in this test bundle.\n\"${SYSTEM_DEVELOPER_DIR}/Tools/RunUnitTests\"\n";
		};
/* End PBXShellScriptBuildPhase section */

/* Begin PBXSourcesBuildPhase section */
		830BE178182360C800EDDF88 /* Sources */ = {
			isa = PBXSourcesBuildPhase;
			buildActionMask = 2147483647;
			files = (
				830BE187182360C800EDDF88 /* StoryboardPortal.m in Sources */,
				830BE1AF1823610B00EDDF88 /* ASNavigationPortalController.m in Sources */,
				830BE1B11823610B00EDDF88 /* ASPortalController.m in Sources */,
				830BE1B31823610B00EDDF88 /* ASTabBarPortalController.m in Sources */,
			);
			runOnlyForDeploymentPostprocessing = 0;
		};
		830BE188182360C800EDDF88 /* Sources */ = {
			isa = PBXSourcesBuildPhase;
			buildActionMask = 2147483647;
			files = (
				830BE19E182360C800EDDF88 /* StoryboardPortalTests.m in Sources */,
				830BE1B01823610B00EDDF88 /* ASNavigationPortalController.m in Sources */,
				830BE1B21823610B00EDDF88 /* ASPortalController.m in Sources */,
				830BE1B41823610B00EDDF88 /* ASTabBarPortalController.m in Sources */,
			);
			runOnlyForDeploymentPostprocessing = 0;
		};
/* End PBXSourcesBuildPhase section */

/* Begin PBXTargetDependency section */
		830BE194182360C800EDDF88 /* PBXTargetDependency */ = {
			isa = PBXTargetDependency;
			target = 830BE17B182360C800EDDF88 /* StoryboardPortal */;
			targetProxy = 830BE193182360C800EDDF88 /* PBXContainerItemProxy */;
		};
/* End PBXTargetDependency section */

/* Begin PBXVariantGroup section */
		830BE199182360C800EDDF88 /* InfoPlist.strings */ = {
			isa = PBXVariantGroup;
			children = (
				830BE19A182360C800EDDF88 /* en */,
			);
			name = InfoPlist.strings;
			sourceTree = "<group>";
		};
/* End PBXVariantGroup section */

/* Begin XCBuildConfiguration section */
		830BE19F182360C800EDDF88 /* Debug */ = {
			isa = XCBuildConfiguration;
			buildSettings = {
				ALWAYS_SEARCH_USER_PATHS = NO;
				CLANG_CXX_LANGUAGE_STANDARD = "gnu++0x";
				CLANG_CXX_LIBRARY = "libc++";
				CLANG_ENABLE_OBJC_ARC = YES;
				CLANG_WARN_CONSTANT_CONVERSION = YES;
				CLANG_WARN_EMPTY_BODY = YES;
				CLANG_WARN_ENUM_CONVERSION = YES;
				CLANG_WARN_INT_CONVERSION = YES;
				CLANG_WARN__DUPLICATE_METHOD_MATCH = YES;
				COPY_PHASE_STRIP = NO;
				GCC_C_LANGUAGE_STANDARD = gnu99;
				GCC_DYNAMIC_NO_PIC = NO;
				GCC_OPTIMIZATION_LEVEL = 0;
				GCC_PREPROCESSOR_DEFINITIONS = (
					"DEBUG=1",
					"$(inherited)",
				);
				GCC_SYMBOLS_PRIVATE_EXTERN = NO;
				GCC_WARN_ABOUT_RETURN_TYPE = YES;
				GCC_WARN_UNINITIALIZED_AUTOS = YES;
				GCC_WARN_UNUSED_VARIABLE = YES;
				IPHONEOS_DEPLOYMENT_TARGET = 6.1;
				ONLY_ACTIVE_ARCH = YES;
				SDKROOT = iphoneos;
			};
			name = Debug;
		};
		830BE1A0182360C800EDDF88 /* Release */ = {
			isa = XCBuildConfiguration;
			buildSettings = {
				ALWAYS_SEARCH_USER_PATHS = NO;
				CLANG_CXX_LANGUAGE_STANDARD = "gnu++0x";
				CLANG_CXX_LIBRARY = "libc++";
				CLANG_ENABLE_OBJC_ARC = YES;
				CLANG_WARN_CONSTANT_CONVERSION = YES;
				CLANG_WARN_EMPTY_BODY = YES;
				CLANG_WARN_ENUM_CONVERSION = YES;
				CLANG_WARN_INT_CONVERSION = YES;
				CLANG_WARN__DUPLICATE_METHOD_MATCH = YES;
				COPY_PHASE_STRIP = YES;
				GCC_C_LANGUAGE_STANDARD = gnu99;
				GCC_WARN_ABOUT_RETURN_TYPE = YES;
				GCC_WARN_UNINITIALIZED_AUTOS = YES;
				GCC_WARN_UNUSED_VARIABLE = YES;
				IPHONEOS_DEPLOYMENT_TARGET = 6.1;
				SDKROOT = iphoneos;
				VALIDATE_PRODUCT = YES;
			};
			name = Release;
		};
		830BE1A2182360C800EDDF88 /* Debug */ = {
			isa = XCBuildConfiguration;
			buildSettings = {
				DSTROOT = /tmp/StoryboardPortal.dst;
				GCC_PRECOMPILE_PREFIX_HEADER = YES;
				GCC_PREFIX_HEADER = "StoryboardPortal/StoryboardPortal-Prefix.pch";
				OTHER_LDFLAGS = "-ObjC";
				PRODUCT_NAME = "$(TARGET_NAME)";
				SKIP_INSTALL = YES;
			};
			name = Debug;
		};
		830BE1A3182360C800EDDF88 /* Release */ = {
			isa = XCBuildConfiguration;
			buildSettings = {
				DSTROOT = /tmp/StoryboardPortal.dst;
				GCC_PRECOMPILE_PREFIX_HEADER = YES;
				GCC_PREFIX_HEADER = "StoryboardPortal/StoryboardPortal-Prefix.pch";
				OTHER_LDFLAGS = "-ObjC";
				PRODUCT_NAME = "$(TARGET_NAME)";
				SKIP_INSTALL = YES;
			};
			name = Release;
		};
		830BE1A5182360C800EDDF88 /* Debug */ = {
			isa = XCBuildConfiguration;
			buildSettings = {
				FRAMEWORK_SEARCH_PATHS = (
					"\"$(SDKROOT)/Developer/Library/Frameworks\"",
					"\"$(DEVELOPER_LIBRARY_DIR)/Frameworks\"",
				);
				GCC_PRECOMPILE_PREFIX_HEADER = YES;
				GCC_PREFIX_HEADER = "StoryboardPortal/StoryboardPortal-Prefix.pch";
				INFOPLIST_FILE = "StoryboardPortalTests/StoryboardPortalTests-Info.plist";
				PRODUCT_NAME = "$(TARGET_NAME)";
				WRAPPER_EXTENSION = octest;
			};
			name = Debug;
		};
		830BE1A6182360C800EDDF88 /* Release */ = {
			isa = XCBuildConfiguration;
			buildSettings = {
				FRAMEWORK_SEARCH_PATHS = (
					"\"$(SDKROOT)/Developer/Library/Frameworks\"",
					"\"$(DEVELOPER_LIBRARY_DIR)/Frameworks\"",
				);
				GCC_PRECOMPILE_PREFIX_HEADER = YES;
				GCC_PREFIX_HEADER = "StoryboardPortal/StoryboardPortal-Prefix.pch";
				INFOPLIST_FILE = "StoryboardPortalTests/StoryboardPortalTests-Info.plist";
				PRODUCT_NAME = "$(TARGET_NAME)";
				WRAPPER_EXTENSION = octest;
			};
			name = Release;
		};
/* End XCBuildConfiguration section */

/* Begin XCConfigurationList section */
		830BE177182360C800EDDF88 /* Build configuration list for PBXProject "StoryboardPortal" */ = {
			isa = XCConfigurationList;
			buildConfigurations = (
				830BE19F182360C800EDDF88 /* Debug */,
				830BE1A0182360C800EDDF88 /* Release */,
			);
			defaultConfigurationIsVisible = 0;
			defaultConfigurationName = Release;
		};
		830BE1A1182360C800EDDF88 /* Build configuration list for PBXNativeTarget "StoryboardPortal" */ = {
			isa = XCConfigurationList;
			buildConfigurations = (
				830BE1A2182360C800EDDF88 /* Debug */,
				830BE1A3182360C800EDDF88 /* Release */,
			);
			defaultConfigurationIsVisible = 0;
		};
		830BE1A4182360C800EDDF88 /* Build configuration list for PBXNativeTarget "StoryboardPortalTests" */ = {
			isa = XCConfigurationList;
			buildConfigurations = (
				830BE1A5182360C800EDDF88 /* Debug */,
				830BE1A6182360C800EDDF88 /* Release */,
			);
			defaultConfigurationIsVisible = 0;
		};
/* End XCConfigurationList section */
	};
	rootObject = 830BE174182360C800EDDF88 /* Project object */;
}
